
Microsoft Visual Studio Solution File, Format Version 12.00
# Visual Studio Version 17
VisualStudioVersion = 17.0.32112.339
MinimumVisualStudioVersion = 10.0.40219.1
Project("{9A19103F-16F7-4668-BE54-9A1E7A4F7556}") = "StatBlocks", "StatBlocks.csproj", "{7B1E8D07-93E2-49DF-81C0-4CC8DF0BE6FE}"
EndProject
Global
	GlobalSection(SolutionConfigurationPlatforms) = preSolution
		Debug|Any CPU = Debug|Any CPU
		Release|Any CPU = Release|Any CPU
	EndGlobalSection
	GlobalSection(ProjectConfigurationPlatforms) = postSolution
		{7B1E8D07-93E2-49DF-81C0-4CC8DF0BE6FE}.Debug|Any CPU.ActiveCfg = Debug|Any CPU
		{7B1E8D07-93E2-49DF-81C0-4CC8DF0BE6FE}.Debug|Any CPU.Build.0 = Debug|Any CPU
		{7B1E8D07-93E2-49DF-81C0-4CC8DF0BE6FE}.Release|Any CPU.ActiveCfg = Release|Any CPU
		{7B1E8D07-93E2-49DF-81C0-4CC8DF0BE6FE}.Release|Any CPU.Build.0 = Release|Any CPU
	EndGlobalSection
	GlobalSection(SolutionProperties) = preSolution
		HideSolutionNode = FALSE
	EndGlobalSection
	GlobalSection(ExtensibilityGlobals) = postSolution
		SolutionGuid = {7060025F-FEFF-4D57-B423-816A72CA46CB}
	EndGlobalSection
EndGlobal
